
Microsoft Visual Studio Solution File, Format Version 12.00
# Visual Studio Version 17
VisualStudioVersion = 17.0.31903.59
MinimumVisualStudioVersion = 10.0.40219.1
Project("{FAE04EC0-301F-11D3-BF4B-00C04F79EFBC}") = "code", "code\code.csproj", "{5EDBE702-7AF6-4194-8512-1D355DDBDD0B}"
EndProject
Project("{FAE04EC0-301F-11D3-BF4B-00C04F79EFBC}") = "tests", "tests\tests.csproj", "{86FD6F0F-DF95-48C1-9BE3-D5040CAA7D9D}"
EndProject
Global
	GlobalSection(SolutionConfigurationPlatforms) = preSolution
		Debug|Any CPU = Debug|Any CPU
		Debug|x64 = Debug|x64
		Debug|x86 = Debug|x86
		Release|Any CPU = Release|Any CPU
		Release|x64 = Release|x64
		Release|x86 = Release|x86
	EndGlobalSection
	GlobalSection(ProjectConfigurationPlatforms) = postSolution
		{5EDBE702-7AF6-4194-8512-1D355DDBDD0B}.Debug|Any CPU.ActiveCfg = Debug|Any CPU
		{5EDBE702-7AF6-4194-8512-1D355DDBDD0B}.Debug|Any CPU.Build.0 = Debug|Any CPU
		{5EDBE702-7AF6-4194-8512-1D355DDBDD0B}.Debug|x64.ActiveCfg = Debug|Any CPU
		{5EDBE702-7AF6-4194-8512-1D355DDBDD0B}.Debug|x64.Build.0 = Debug|Any CPU
		{5EDBE702-7AF6-4194-8512-1D355DDBDD0B}.Debug|x86.ActiveCfg = Debug|Any CPU
		{5EDBE702-7AF6-4194-8512-1D355DDBDD0B}.Debug|x86.Build.0 = Debug|Any CPU
		{5EDBE702-7AF6-4194-8512-1D355DDBDD0B}.Release|Any CPU.ActiveCfg = Release|Any CPU
		{5EDBE702-7AF6-4194-8512-1D355DDBDD0B}.Release|Any CPU.Build.0 = Release|Any CPU
		{5EDBE702-7AF6-4194-8512-1D355DDBDD0B}.Release|x64.ActiveCfg = Release|Any CPU
		{5EDBE702-7AF6-4194-8512-1D355DDBDD0B}.Release|x64.Build.0 = Release|Any CPU
		{5EDBE702-7AF6-4194-8512-1D355DDBDD0B}.Release|x86.ActiveCfg = Release|Any CPU
		{5EDBE702-7AF6-4194-8512-1D355DDBDD0B}.Release|x86.Build.0 = Release|Any CPU
		{86FD6F0F-DF95-48C1-9BE3-D5040CAA7D9D}.Debug|Any CPU.ActiveCfg = Debug|Any CPU
		{86FD6F0F-DF95-48C1-9BE3-D5040CAA7D9D}.Debug|Any CPU.Build.0 = Debug|Any CPU
		{86FD6F0F-DF95-48C1-9BE3-D5040CAA7D9D}.Debug|x64.ActiveCfg = Debug|Any CPU
		{86FD6F0F-DF95-48C1-9BE3-D5040CAA7D9D}.Debug|x64.Build.0 = Debug|Any CPU
		{86FD6F0F-DF95-48C1-9BE3-D5040CAA7D9D}.Debug|x86.ActiveCfg = Debug|Any CPU
		{86FD6F0F-DF95-48C1-9BE3-D5040CAA7D9D}.Debug|x86.Build.0 = Debug|Any CPU
		{86FD6F0F-DF95-48C1-9BE3-D5040CAA7D9D}.Release|Any CPU.ActiveCfg = Release|Any CPU
		{86FD6F0F-DF95-48C1-9BE3-D5040CAA7D9D}.Release|Any CPU.Build.0 = Release|Any CPU
		{86FD6F0F-DF95-48C1-9BE3-D5040CAA7D9D}.Release|x64.ActiveCfg = Release|Any CPU
		{86FD6F0F-DF95-48C1-9BE3-D5040CAA7D9D}.Release|x64.Build.0 = Release|Any CPU
		{86FD6F0F-DF95-48C1-9BE3-D5040CAA7D9D}.Release|x86.ActiveCfg = Release|Any CPU
		{86FD6F0F-DF95-48C1-9BE3-D5040CAA7D9D}.Release|x86.Build.0 = Release|Any CPU
	EndGlobalSection
	GlobalSection(SolutionProperties) = preSolution
		HideSolutionNode = FALSE
	EndGlobalSection
EndGlobal
