
Microsoft Visual Studio Solution File, Format Version 12.00
# Visual Studio Version 17
VisualStudioVersion = 17.0.31903.59
MinimumVisualStudioVersion = 10.0.40219.1
Project("{FAE04EC0-301F-11D3-BF4B-00C04F79EFBC}") = "Code", "Code\Code.csproj", "{F4A51E81-249E-40EF-91AF-C0D260420869}"
EndProject
Project("{FAE04EC0-301F-11D3-BF4B-00C04F79EFBC}") = "Tests", "Tests\Tests.csproj", "{61F0E44B-8D2A-4A41-807A-F02C3189F1B5}"
EndProject
Global
	GlobalSection(SolutionConfigurationPlatforms) = preSolution
		Debug|Any CPU = Debug|Any CPU
		Release|Any CPU = Release|Any CPU
	EndGlobalSection
	GlobalSection(SolutionProperties) = preSolution
		HideSolutionNode = FALSE
	EndGlobalSection
	GlobalSection(ProjectConfigurationPlatforms) = postSolution
		{F4A51E81-249E-40EF-91AF-C0D260420869}.Debug|Any CPU.ActiveCfg = Debug|Any CPU
		{F4A51E81-249E-40EF-91AF-C0D260420869}.Debug|Any CPU.Build.0 = Debug|Any CPU
		{F4A51E81-249E-40EF-91AF-C0D260420869}.Release|Any CPU.ActiveCfg = Release|Any CPU
		{F4A51E81-249E-40EF-91AF-C0D260420869}.Release|Any CPU.Build.0 = Release|Any CPU
		{61F0E44B-8D2A-4A41-807A-F02C3189F1B5}.Debug|Any CPU.ActiveCfg = Debug|Any CPU
		{61F0E44B-8D2A-4A41-807A-F02C3189F1B5}.Debug|Any CPU.Build.0 = Debug|Any CPU
		{61F0E44B-8D2A-4A41-807A-F02C3189F1B5}.Release|Any CPU.ActiveCfg = Release|Any CPU
		{61F0E44B-8D2A-4A41-807A-F02C3189F1B5}.Release|Any CPU.Build.0 = Release|Any CPU
	EndGlobalSection
EndGlobal
