
Microsoft Visual Studio Solution File, Format Version 12.00
# Visual Studio Version 17
VisualStudioVersion = 17.0.31903.59
MinimumVisualStudioVersion = 10.0.40219.1
Project("{FAE04EC0-301F-11D3-BF4B-00C04F79EFBC}") = "Code", "Code\Code.csproj", "{D69C4A8E-DEFD-411E-8BD8-D0D3208FE085}"
EndProject
Project("{FAE04EC0-301F-11D3-BF4B-00C04F79EFBC}") = "Tests", "Tests\Tests.csproj", "{8CF7842C-F7CB-4226-9D23-E4D0D07C1296}"
EndProject
Global
	GlobalSection(SolutionConfigurationPlatforms) = preSolution
		Debug|Any CPU = Debug|Any CPU
		Debug|x64 = Debug|x64
		Debug|x86 = Debug|x86
		Release|Any CPU = Release|Any CPU
		Release|x64 = Release|x64
		Release|x86 = Release|x86
	EndGlobalSection
	GlobalSection(ProjectConfigurationPlatforms) = postSolution
		{D69C4A8E-DEFD-411E-8BD8-D0D3208FE085}.Debug|Any CPU.ActiveCfg = Debug|Any CPU
		{D69C4A8E-DEFD-411E-8BD8-D0D3208FE085}.Debug|Any CPU.Build.0 = Debug|Any CPU
		{D69C4A8E-DEFD-411E-8BD8-D0D3208FE085}.Debug|x64.ActiveCfg = Debug|Any CPU
		{D69C4A8E-DEFD-411E-8BD8-D0D3208FE085}.Debug|x64.Build.0 = Debug|Any CPU
		{D69C4A8E-DEFD-411E-8BD8-D0D3208FE085}.Debug|x86.ActiveCfg = Debug|Any CPU
		{D69C4A8E-DEFD-411E-8BD8-D0D3208FE085}.Debug|x86.Build.0 = Debug|Any CPU
		{D69C4A8E-DEFD-411E-8BD8-D0D3208FE085}.Release|Any CPU.ActiveCfg = Release|Any CPU
		{D69C4A8E-DEFD-411E-8BD8-D0D3208FE085}.Release|Any CPU.Build.0 = Release|Any CPU
		{D69C4A8E-DEFD-411E-8BD8-D0D3208FE085}.Release|x64.ActiveCfg = Release|Any CPU
		{D69C4A8E-DEFD-411E-8BD8-D0D3208FE085}.Release|x64.Build.0 = Release|Any CPU
		{D69C4A8E-DEFD-411E-8BD8-D0D3208FE085}.Release|x86.ActiveCfg = Release|Any CPU
		{D69C4A8E-DEFD-411E-8BD8-D0D3208FE085}.Release|x86.Build.0 = Release|Any CPU
		{8CF7842C-F7CB-4226-9D23-E4D0D07C1296}.Debug|Any CPU.ActiveCfg = Debug|Any CPU
		{8CF7842C-F7CB-4226-9D23-E4D0D07C1296}.Debug|Any CPU.Build.0 = Debug|Any CPU
		{8CF7842C-F7CB-4226-9D23-E4D0D07C1296}.Debug|x64.ActiveCfg = Debug|Any CPU
		{8CF7842C-F7CB-4226-9D23-E4D0D07C1296}.Debug|x64.Build.0 = Debug|Any CPU
		{8CF7842C-F7CB-4226-9D23-E4D0D07C1296}.Debug|x86.ActiveCfg = Debug|Any CPU
		{8CF7842C-F7CB-4226-9D23-E4D0D07C1296}.Debug|x86.Build.0 = Debug|Any CPU
		{8CF7842C-F7CB-4226-9D23-E4D0D07C1296}.Release|Any CPU.ActiveCfg = Release|Any CPU
		{8CF7842C-F7CB-4226-9D23-E4D0D07C1296}.Release|Any CPU.Build.0 = Release|Any CPU
		{8CF7842C-F7CB-4226-9D23-E4D0D07C1296}.Release|x64.ActiveCfg = Release|Any CPU
		{8CF7842C-F7CB-4226-9D23-E4D0D07C1296}.Release|x64.Build.0 = Release|Any CPU
		{8CF7842C-F7CB-4226-9D23-E4D0D07C1296}.Release|x86.ActiveCfg = Release|Any CPU
		{8CF7842C-F7CB-4226-9D23-E4D0D07C1296}.Release|x86.Build.0 = Release|Any CPU
	EndGlobalSection
	GlobalSection(SolutionProperties) = preSolution
		HideSolutionNode = FALSE
	EndGlobalSection
EndGlobal
